{"version":4,"terraform_version":"1.8.2","serial":1,"lineage":"f09b205d-a64a-9414-e857-f11771eabf02","outputs":{"ecr_repository_uri":{"value":"119739005737.dkr.ecr.us-east-1.amazonaws.com/aplication-backend-challenge","type":"string"}},"resources":[{"mode":"managed","type":"aws_ecr_repository","name":"meu_repositorio_ecr","provider":"provider[\"registry.opentofu.org/hashicorp/aws\"]","instances":[{"schema_version":0,"attributes":{"arn":"arn:aws:ecr:us-east-1:119739005737:repository/aplication-backend-challenge","encryption_configuration":[{"encryption_type":"AES256","kms_key":""}],"force_delete":null,"id":"aplication-backend-challenge","image_scanning_configuration":[{"scan_on_push":false}],"image_tag_mutability":"MUTABLE","name":"aplication-backend-challenge","registry_id":"119739005737","repository_url":"119739005737.dkr.ecr.us-east-1.amazonaws.com/aplication-backend-challenge","tags":{"Projeto":"backend-challenge"},"tags_all":{"Projeto":"backend-challenge"},"timeouts":null},"sensitive_attributes":[],"private":"eyJlMmJmYjczMC1lY2FhLTExZTYtOGY4OC0zNDM2M2JjN2M0YzAiOnsiZGVsZXRlIjoxMjAwMDAwMDAwMDAwfX0="}]}],"check_results":null}
